
Microsoft Visual Studio Solution File, Format Version 12.00
# Visual Studio Version 16
VisualStudioVersion = 16.0.29215.179
MinimumVisualStudioVersion = 10.0.40219.1
Project("{FAE04EC0-301F-11D3-BF4B-00C04F79EFBC}") = "UiAutomationDemo", "UiAutomationDemo\UiAutomationDemo.csproj", "{9A193693-5682-4DA0-BB4C-4BC58760A650}"
EndProject
Project("{FAE04EC0-301F-11D3-BF4B-00C04F79EFBC}") = "UiAutomationTests", "UiAutomationTests\UiAutomationTests.csproj", "{04D4ABC1-65A3-4094-BB4E-74596E9F036B}"
EndProject
Project("{FAE04EC0-301F-11D3-BF4B-00C04F79EFBC}") = "UiAutomationSimpleDemo", "UiAutomationSimpleDemo\UiAutomationSimpleDemo.csproj", "{19143786-A821-4D94-9496-DCC71B302515}"
EndProject
Global
	GlobalSection(SolutionConfigurationPlatforms) = preSolution
		Debug|Any CPU = Debug|Any CPU
		Release|Any CPU = Release|Any CPU
	EndGlobalSection
	GlobalSection(ProjectConfigurationPlatforms) = postSolution
		{9A193693-5682-4DA0-BB4C-4BC58760A650}.Debug|Any CPU.ActiveCfg = Debug|Any CPU
		{9A193693-5682-4DA0-BB4C-4BC58760A650}.Debug|Any CPU.Build.0 = Debug|Any CPU
		{9A193693-5682-4DA0-BB4C-4BC58760A650}.Release|Any CPU.ActiveCfg = Release|Any CPU
		{9A193693-5682-4DA0-BB4C-4BC58760A650}.Release|Any CPU.Build.0 = Release|Any CPU
		{04D4ABC1-65A3-4094-BB4E-74596E9F036B}.Debug|Any CPU.ActiveCfg = Debug|Any CPU
		{04D4ABC1-65A3-4094-BB4E-74596E9F036B}.Debug|Any CPU.Build.0 = Debug|Any CPU
		{04D4ABC1-65A3-4094-BB4E-74596E9F036B}.Release|Any CPU.ActiveCfg = Release|Any CPU
		{04D4ABC1-65A3-4094-BB4E-74596E9F036B}.Release|Any CPU.Build.0 = Release|Any CPU
		{19143786-A821-4D94-9496-DCC71B302515}.Debug|Any CPU.ActiveCfg = Debug|Any CPU
		{19143786-A821-4D94-9496-DCC71B302515}.Debug|Any CPU.Build.0 = Debug|Any CPU
		{19143786-A821-4D94-9496-DCC71B302515}.Release|Any CPU.ActiveCfg = Release|Any CPU
		{19143786-A821-4D94-9496-DCC71B302515}.Release|Any CPU.Build.0 = Release|Any CPU
	EndGlobalSection
	GlobalSection(SolutionProperties) = preSolution
		HideSolutionNode = FALSE
	EndGlobalSection
	GlobalSection(ExtensibilityGlobals) = postSolution
		SolutionGuid = {38373508-1698-4D8F-B774-DA0E8D06F9BE}
	EndGlobalSection
EndGlobal
